{
  "name": "rutomq-pages",
  "lockfileVersion": 3,
  "requires": true,
  "packages": {
    "": {
      "name": "rutomq-pages",
      "dependencies": {
        "@primer/css": "22.3.0"
      },
      "engines": {
        "node": ">=24"
      }
    },
    "node_modules/@primer/css": {
      "version": "22.3.0",
      "resolved": "https://registry.npmjs.org/@primer/css/-/css-22.3.0.tgz",
      "integrity": "sha512-JARQl6Ar2g+jGjxRfA85zKkM+lJV5GQz2Zn4wk4CXzQ2NYwFpOMVmhht2IPDAuTfv/lmocnEPYjW6cTmJbYGAQ==",
      "license": "MIT",
      "engines": {
        "node": ">=16.0.0"
      },
      "peerDependencies": {
        "@primer/primitives": "10.x || 11.x"
      }
    },
    "node_modules/@primer/primitives": {
      "version": "11.9.0",
      "resolved": "https://registry.npmjs.org/@primer/primitives/-/primitives-11.9.0.tgz",
      "integrity": "sha512-yESOalhd7s7S3unV1V32v3Z0RszXiiz6pzy6hVI9xpdTh1q1Gt8vyDFxRlqIvuwc5ZaO1+gYQTDbjxb4nWBzMw==",
      "license": "MIT",
      "peer": true
    }
  }
}
